
Microsoft Visual Studio Solution File, Format Version 12.00
# Visual Studio 2013
VisualStudioVersion = 12.0.31101.0
MinimumVisualStudioVersion = 10.0.40219.1
Project("{FAE04EC0-301F-11D3-BF4B-00C04F79EFBC}") = "ConsoleCalc", "ConsoleCalc\ConsoleCalc.csproj", "{D6EA2C48-C96E-48FE-8B46-23E5917181F1}"
EndProject
Project("{FAE04EC0-301F-11D3-BF4B-00C04F79EFBC}") = "CalcUnitTests", "CalcUnitTests\CalcUnitTests.csproj", "{C79651B0-E4C6-4577-AC42-96C42A853ED7}"
EndProject
Global
	GlobalSection(SolutionConfigurationPlatforms) = preSolution
		Debug|Any CPU = Debug|Any CPU
		Release|Any CPU = Release|Any CPU
	EndGlobalSection
	GlobalSection(ProjectConfigurationPlatforms) = postSolution
		{D6EA2C48-C96E-48FE-8B46-23E5917181F1}.Debug|Any CPU.ActiveCfg = Debug|Any CPU
		{D6EA2C48-C96E-48FE-8B46-23E5917181F1}.Debug|Any CPU.Build.0 = Debug|Any CPU
		{D6EA2C48-C96E-48FE-8B46-23E5917181F1}.Release|Any CPU.ActiveCfg = Release|Any CPU
		{D6EA2C48-C96E-48FE-8B46-23E5917181F1}.Release|Any CPU.Build.0 = Release|Any CPU
		{C79651B0-E4C6-4577-AC42-96C42A853ED7}.Debug|Any CPU.ActiveCfg = Debug|Any CPU
		{C79651B0-E4C6-4577-AC42-96C42A853ED7}.Debug|Any CPU.Build.0 = Debug|Any CPU
		{C79651B0-E4C6-4577-AC42-96C42A853ED7}.Release|Any CPU.ActiveCfg = Release|Any CPU
		{C79651B0-E4C6-4577-AC42-96C42A853ED7}.Release|Any CPU.Build.0 = Release|Any CPU
	EndGlobalSection
	GlobalSection(SolutionProperties) = preSolution
		HideSolutionNode = FALSE
	EndGlobalSection
EndGlobal
